Microsoft Visual Studio Solution File, Format Version 12.00
# Visual Studio 14
VisualStudioVersion = 14.0.25123.0
MinimumVisualStudioVersion = 10.0.40219.1
Project("{FAE04EC0-301F-11D3-BF4B-00C04F79EFBC}") = "Xamarin.SideMenu", "Xamarin.SideMenu\Xamarin.SideMenu.csproj", "{15591BF1-E306-46BE-B9F7-ACB25A587DCD}"
EndProject
Project("{FAE04EC0-301F-11D3-BF4B-00C04F79EFBC}") = "Xamarin.SideMenu.Sample", "Xamarin.SideMenu.Sample\Xamarin.SideMenu.Sample.csproj", "{1DE1EA26-6B92-4CA2-A659-F32AF1509FA0}"
EndProject
Global
	GlobalSection(SolutionConfigurationPlatforms) = preSolution
		Ad-Hoc|Any CPU = Ad-Hoc|Any CPU
		Ad-Hoc|iPhone = Ad-Hoc|iPhone
		Ad-Hoc|iPhoneSimulator = Ad-Hoc|iPhoneSimulator
		AppStore|Any CPU = AppStore|Any CPU
		AppStore|iPhone = AppStore|iPhone
		AppStore|iPhoneSimulator = AppStore|iPhoneSimulator
		Debug|Any CPU = Debug|Any CPU
		Debug|iPhone = Debug|iPhone
		Debug|iPhoneSimulator = Debug|iPhoneSimulator
		Release|Any CPU = Release|Any CPU
		Release|iPhone = Release|iPhone
		Release|iPhoneSimulator = Release|iPhoneSimulator
	EndGlobalSection
	GlobalSection(ProjectConfigurationPlatforms) = postSolution
		{15591BF1-E306-46BE-B9F7-ACB25A587DCD}.Ad-Hoc|Any CPU.ActiveCfg = Release|Any CPU
		{15591BF1-E306-46BE-B9F7-ACB25A587DCD}.Ad-Hoc|Any CPU.Build.0 = Release|Any CPU
		{15591BF1-E306-46BE-B9F7-ACB25A587DCD}.Ad-Hoc|iPhone.ActiveCfg = Release|Any CPU
		{15591BF1-E306-46BE-B9F7-ACB25A587DCD}.Ad-Hoc|iPhone.Build.0 = Release|Any CPU
		{15591BF1-E306-46BE-B9F7-ACB25A587DCD}.Ad-Hoc|iPhoneSimulator.ActiveCfg = Release|Any CPU
		{15591BF1-E306-46BE-B9F7-ACB25A587DCD}.Ad-Hoc|iPhoneSimulator.Build.0 = Release|Any CPU
		{15591BF1-E306-46BE-B9F7-ACB25A587DCD}.AppStore|Any CPU.ActiveCfg = Release|Any CPU
		{15591BF1-E306-46BE-B9F7-ACB25A587DCD}.AppStore|Any CPU.Build.0 = Release|Any CPU
		{15591BF1-E306-46BE-B9F7-ACB25A587DCD}.AppStore|iPhone.ActiveCfg = Release|Any CPU
		{15591BF1-E306-46BE-B9F7-ACB25A587DCD}.AppStore|iPhone.Build.0 = Release|Any CPU
		{15591BF1-E306-46BE-B9F7-ACB25A587DCD}.AppStore|iPhoneSimulator.ActiveCfg = Release|Any CPU
		{15591BF1-E306-46BE-B9F7-ACB25A587DCD}.AppStore|iPhoneSimulator.Build.0 = Release|Any CPU
		{15591BF1-E306-46BE-B9F7-ACB25A587DCD}.Debug|Any CPU.ActiveCfg = Debug|Any CPU
		{15591BF1-E306-46BE-B9F7-ACB25A587DCD}.Debug|Any CPU.Build.0 = Debug|Any CPU
		{15591BF1-E306-46BE-B9F7-ACB25A587DCD}.Debug|iPhone.ActiveCfg = Debug|Any CPU
		{15591BF1-E306-46BE-B9F7-ACB25A587DCD}.Debug|iPhone.Build.0 = Debug|Any CPU
		{15591BF1-E306-46BE-B9F7-ACB25A587DCD}.Debug|iPhoneSimulator.ActiveCfg = Debug|Any CPU
		{15591BF1-E306-46BE-B9F7-ACB25A587DCD}.Debug|iPhoneSimulator.Build.0 = Debug|Any CPU
		{15591BF1-E306-46BE-B9F7-ACB25A587DCD}.Release|Any CPU.ActiveCfg = Release|Any CPU
		{15591BF1-E306-46BE-B9F7-ACB25A587DCD}.Release|Any CPU.Build.0 = Release|Any CPU
		{15591BF1-E306-46BE-B9F7-ACB25A587DCD}.Release|iPhone.ActiveCfg = Release|Any CPU
		{15591BF1-E306-46BE-B9F7-ACB25A587DCD}.Release|iPhone.Build.0 = Release|Any CPU
		{15591BF1-E306-46BE-B9F7-ACB25A587DCD}.Release|iPhoneSimulator.ActiveCfg = Release|Any CPU
		{15591BF1-E306-46BE-B9F7-ACB25A587DCD}.Release|iPhoneSimulator.Build.0 = Release|Any CPU
		{1DE1EA26-6B92-4CA2-A659-F32AF1509FA0}.Ad-Hoc|Any CPU.ActiveCfg = Ad-Hoc|iPhone
		{1DE1EA26-6B92-4CA2-A659-F32AF1509FA0}.Ad-Hoc|iPhone.ActiveCfg = Ad-Hoc|iPhone
		{1DE1EA26-6B92-4CA2-A659-F32AF1509FA0}.Ad-Hoc|iPhone.Build.0 = Ad-Hoc|iPhone
		{1DE1EA26-6B92-4CA2-A659-F32AF1509FA0}.Ad-Hoc|iPhoneSimulator.ActiveCfg = Ad-Hoc|iPhoneSimulator
		{1DE1EA26-6B92-4CA2-A659-F32AF1509FA0}.Ad-Hoc|iPhoneSimulator.Build.0 = Ad-Hoc|iPhoneSimulator
		{1DE1EA26-6B92-4CA2-A659-F32AF1509FA0}.AppStore|Any CPU.ActiveCfg = AppStore|iPhone
		{1DE1EA26-6B92-4CA2-A659-F32AF1509FA0}.AppStore|iPhone.ActiveCfg = AppStore|iPhone
		{1DE1EA26-6B92-4CA2-A659-F32AF1509FA0}.AppStore|iPhone.Build.0 = AppStore|iPhone
		{1DE1EA26-6B92-4CA2-A659-F32AF1509FA0}.AppStore|iPhoneSimulator.ActiveCfg = AppStore|iPhoneSimulator
		{1DE1EA26-6B92-4CA2-A659-F32AF1509FA0}.AppStore|iPhoneSimulator.Build.0 = AppStore|iPhoneSimulator
		{1DE1EA26-6B92-4CA2-A659-F32AF1509FA0}.Debug|Any CPU.ActiveCfg = Debug|iPhone
		{1DE1EA26-6B92-4CA2-A659-F32AF1509FA0}.Debug|iPhone.ActiveCfg = Debug|iPhone
		{1DE1EA26-6B92-4CA2-A659-F32AF1509FA0}.Debug|iPhone.Build.0 = Debug|iPhone
		{1DE1EA26-6B92-4CA2-A659-F32AF1509FA0}.Debug|iPhoneSimulator.ActiveCfg = Debug|iPhoneSimulator
		{1DE1EA26-6B92-4CA2-A659-F32AF1509FA0}.Debug|iPhoneSimulator.Build.0 = Debug|iPhoneSimulator
		{1DE1EA26-6B92-4CA2-A659-F32AF1509FA0}.Release|Any CPU.ActiveCfg = Release|iPhone
		{1DE1EA26-6B92-4CA2-A659-F32AF1509FA0}.Release|iPhone.ActiveCfg = Release|iPhone
		{1DE1EA26-6B92-4CA2-A659-F32AF1509FA0}.Release|iPhone.Build.0 = Release|iPhone
		{1DE1EA26-6B92-4CA2-A659-F32AF1509FA0}.Release|iPhoneSimulator.ActiveCfg = Release|iPhoneSimulator
		{1DE1EA26-6B92-4CA2-A659-F32AF1509FA0}.Release|iPhoneSimulator.Build.0 = Release|iPhoneSimulator
	EndGlobalSection
	GlobalSection(SolutionProperties) = preSolution
		HideSolutionNode = FALSE
	EndGlobalSection
EndGlobal
